
Microsoft Visual Studio Solution File, Format Version 12.00
# Visual Studio Version 16
VisualStudioVersion = 16.0.29020.237
MinimumVisualStudioVersion = 10.0.40219.1
Project("{FAE04EC0-301F-11D3-BF4B-00C04F79EFBC}") = "SalesMan", "SalesMan.csproj", "{0A669B19-2993-493E-9CE2-477427B7F82E}"
EndProject
Global
	GlobalSection(SolutionConfigurationPlatforms) = preSolution
		Debug|Any CPU = Debug|Any CPU
		Release|Any CPU = Release|Any CPU
	EndGlobalSection
	GlobalSection(ProjectConfigurationPlatforms) = postSolution
		{0A669B19-2993-493E-9CE2-477427B7F82E}.Debug|Any CPU.ActiveCfg = Debug|Any CPU
		{0A669B19-2993-493E-9CE2-477427B7F82E}.Debug|Any CPU.Build.0 = Debug|Any CPU
		{0A669B19-2993-493E-9CE2-477427B7F82E}.Release|Any CPU.ActiveCfg = Release|Any CPU
		{0A669B19-2993-493E-9CE2-477427B7F82E}.Release|Any CPU.Build.0 = Release|Any CPU
	EndGlobalSection
	GlobalSection(SolutionProperties) = preSolution
		HideSolutionNode = FALSE
	EndGlobalSection
	GlobalSection(ExtensibilityGlobals) = postSolution
		SolutionGuid = {728D8733-C013-4377-BC07-0333E07630C2}
	EndGlobalSection
EndGlobal
